
Microsoft Visual Studio Solution File, Format Version 12.00
# Visual Studio Version 16
VisualStudioVersion = 16.0.30621.155
MinimumVisualStudioVersion = 10.0.40219.1
Project("{FAE04EC0-301F-11D3-BF4B-00C04F79EFBC}") = "PeachPiedWordpress", "PeachPiedWordpress.csproj", "{4C5E46F7-1D99-42EE-8A85-99343184D43D}"
EndProject
Global
	GlobalSection(SolutionConfigurationPlatforms) = preSolution
		Debug|Any CPU = Debug|Any CPU
		Release|Any CPU = Release|Any CPU
	EndGlobalSection
	GlobalSection(ProjectConfigurationPlatforms) = postSolution
		{4C5E46F7-1D99-42EE-8A85-99343184D43D}.Debug|Any CPU.ActiveCfg = Debug|Any CPU
		{4C5E46F7-1D99-42EE-8A85-99343184D43D}.Debug|Any CPU.Build.0 = Debug|Any CPU
		{4C5E46F7-1D99-42EE-8A85-99343184D43D}.Release|Any CPU.ActiveCfg = Release|Any CPU
		{4C5E46F7-1D99-42EE-8A85-99343184D43D}.Release|Any CPU.Build.0 = Release|Any CPU
	EndGlobalSection
	GlobalSection(SolutionProperties) = preSolution
		HideSolutionNode = FALSE
	EndGlobalSection
	GlobalSection(ExtensibilityGlobals) = postSolution
		SolutionGuid = {A71E6840-90A1-4346-958C-2D6C00775DEF}
	EndGlobalSection
EndGlobal
